
Microsoft Visual Studio Solution File, Format Version 12.00
# Visual Studio Version 16
VisualStudioVersion = 16.0.31229.75
MinimumVisualStudioVersion = 10.0.40219.1
Project("{8BC9CEB8-8B4A-11D0-8D11-00A0C91BC942}") = "TotalProjectC++", "TotalProjectC++.vcxproj", "{5EDBC154-A8A5-40A9-B06A-8B56F1553F2A}"
EndProject
Global
	GlobalSection(SolutionConfigurationPlatforms) = preSolution
		Debug|x64 = Debug|x64
		Debug|x86 = Debug|x86
		Release|x64 = Release|x64
		Release|x86 = Release|x86
	EndGlobalSection
	GlobalSection(ProjectConfigurationPlatforms) = postSolution
		{5EDBC154-A8A5-40A9-B06A-8B56F1553F2A}.Debug|x64.ActiveCfg = Debug|x64
		{5EDBC154-A8A5-40A9-B06A-8B56F1553F2A}.Debug|x64.Build.0 = Debug|x64
		{5EDBC154-A8A5-40A9-B06A-8B56F1553F2A}.Debug|x86.ActiveCfg = Debug|Win32
		{5EDBC154-A8A5-40A9-B06A-8B56F1553F2A}.Debug|x86.Build.0 = Debug|Win32
		{5EDBC154-A8A5-40A9-B06A-8B56F1553F2A}.Release|x64.ActiveCfg = Release|x64
		{5EDBC154-A8A5-40A9-B06A-8B56F1553F2A}.Release|x64.Build.0 = Release|x64
		{5EDBC154-A8A5-40A9-B06A-8B56F1553F2A}.Release|x86.ActiveCfg = Release|Win32
		{5EDBC154-A8A5-40A9-B06A-8B56F1553F2A}.Release|x86.Build.0 = Release|Win32
	EndGlobalSection
	GlobalSection(SolutionProperties) = preSolution
		HideSolutionNode = FALSE
	EndGlobalSection
	GlobalSection(ExtensibilityGlobals) = postSolution
		SolutionGuid = {B60B5EE6-1574-46B5-988A-8DD987D95494}
	EndGlobalSection
EndGlobal
